
Microsoft Visual Studio Solution File, Format Version 12.00
# Visual Studio 2013
VisualStudioVersion = 12.0.40629.0
MinimumVisualStudioVersion = 10.0.40219.1
Project("{FAE04EC0-301F-11D3-BF4B-00C04F79EFBC}") = "Medical Store1", "Medical Store1\Medical Store1.csproj", "{3028001F-7888-4B34-BE93-113999AA7162}"
EndProject
Project("{54435603-DBB4-11D2-8724-00A0C9A8B90C}") = "MSMS_SETUP", "MSMS_SETUP\MSMS_SETUP.vdproj", "{3D213F83-F67A-47B3-95DB-8F20FB1D1FF5}"
EndProject
Global
	GlobalSection(SolutionConfigurationPlatforms) = preSolution
		Debug|x86 = Debug|x86
		Release|x86 = Release|x86
	EndGlobalSection
	GlobalSection(ProjectConfigurationPlatforms) = postSolution
		{3028001F-7888-4B34-BE93-113999AA7162}.Debug|x86.ActiveCfg = Debug|x86
		{3028001F-7888-4B34-BE93-113999AA7162}.Debug|x86.Build.0 = Debug|x86
		{3028001F-7888-4B34-BE93-113999AA7162}.Release|x86.ActiveCfg = Release|x86
		{3028001F-7888-4B34-BE93-113999AA7162}.Release|x86.Build.0 = Release|x86
		{3D213F83-F67A-47B3-95DB-8F20FB1D1FF5}.Debug|x86.ActiveCfg = Debug
		{3D213F83-F67A-47B3-95DB-8F20FB1D1FF5}.Release|x86.ActiveCfg = Release
	EndGlobalSection
	GlobalSection(SolutionProperties) = preSolution
		HideSolutionNode = FALSE
	EndGlobalSection
EndGlobal
